
Microsoft Visual Studio Solution File, Format Version 12.00
# Visual Studio Version 17
VisualStudioVersion = 17.12.35707.178 d17.12
MinimumVisualStudioVersion = 10.0.40219.1
Project("{FAE04EC0-301F-11D3-BF4B-00C04F79EFBC}") = "Colina_Employee.API", "Colina_Employee.API\Colina_Employee.API.csproj", "{C9C0BB23-5EB9-4FFB-BC4C-52C0593E5BAC}"
EndProject
Global
	GlobalSection(SolutionConfigurationPlatforms) = preSolution
		Debug|Any CPU = Debug|Any CPU
		Release|Any CPU = Release|Any CPU
	EndGlobalSection
	GlobalSection(ProjectConfigurationPlatforms) = postSolution
		{C9C0BB23-5EB9-4FFB-BC4C-52C0593E5BAC}.Debug|Any CPU.ActiveCfg = Debug|Any CPU
		{C9C0BB23-5EB9-4FFB-BC4C-52C0593E5BAC}.Debug|Any CPU.Build.0 = Debug|Any CPU
		{C9C0BB23-5EB9-4FFB-BC4C-52C0593E5BAC}.Release|Any CPU.ActiveCfg = Release|Any CPU
		{C9C0BB23-5EB9-4FFB-BC4C-52C0593E5BAC}.Release|Any CPU.Build.0 = Release|Any CPU
	EndGlobalSection
	GlobalSection(SolutionProperties) = preSolution
		HideSolutionNode = FALSE
	EndGlobalSection
EndGlobal
